
Microsoft Visual Studio Solution File, Format Version 12.00
# Visual Studio Version 17
VisualStudioVersion = 17.2.32519.379
MinimumVisualStudioVersion = 10.0.40219.1
Project("{9A19103F-16F7-4668-BE54-9A1E7A4F7556}") = "ParkingLotManagement.Web", "ParkingLotManagement.Web\ParkingLotManagement.Web.csproj", "{2CBA4802-6504-4FEA-8E9E-3B89829C2A56}"
EndProject
Project("{9A19103F-16F7-4668-BE54-9A1E7A4F7556}") = "ParkingLotManagement.Infrastructure", "ParkingLotManagement.Infrastructure\ParkingLotManagement.Infrastructure.csproj", "{7E091192-EAC2-4B0F-9D63-B68A1ACE9133}"
EndProject
Project("{9A19103F-16F7-4668-BE54-9A1E7A4F7556}") = "ParkingLotManagement.Application", "ParkingLotManagement.Application\ParkingLotManagement.Application.csproj", "{146E2C44-21F5-4F41-A1E6-8B3CEDF3F03F}"
EndProject
Project("{9A19103F-16F7-4668-BE54-9A1E7A4F7556}") = "ParkingLotManagement.Domain", "ParkingLotManagement.Domain\ParkingLotManagement.Domain.csproj", "{4AF88C69-EE3D-4383-BB65-1E3B2CE6A5A0}"
EndProject
Project("{FAE04EC0-301F-11D3-BF4B-00C04F79EFBC}") = "ParkingLotManagement.Test", "ParkingLotManagement.Test\ParkingLotManagement.Test.csproj", "{6E2CEABA-31E6-47DD-A0DA-4A6C49E05D2F}"
EndProject
Global
	GlobalSection(SolutionConfigurationPlatforms) = preSolution
		Debug|Any CPU = Debug|Any CPU
		Release|Any CPU = Release|Any CPU
	EndGlobalSection
	GlobalSection(ProjectConfigurationPlatforms) = postSolution
		{2CBA4802-6504-4FEA-8E9E-3B89829C2A56}.Debug|Any CPU.ActiveCfg = Debug|Any CPU
		{2CBA4802-6504-4FEA-8E9E-3B89829C2A56}.Debug|Any CPU.Build.0 = Debug|Any CPU
		{2CBA4802-6504-4FEA-8E9E-3B89829C2A56}.Release|Any CPU.ActiveCfg = Release|Any CPU
		{2CBA4802-6504-4FEA-8E9E-3B89829C2A56}.Release|Any CPU.Build.0 = Release|Any CPU
		{7E091192-EAC2-4B0F-9D63-B68A1ACE9133}.Debug|Any CPU.ActiveCfg = Debug|Any CPU
		{7E091192-EAC2-4B0F-9D63-B68A1ACE9133}.Debug|Any CPU.Build.0 = Debug|Any CPU
		{7E091192-EAC2-4B0F-9D63-B68A1ACE9133}.Release|Any CPU.ActiveCfg = Release|Any CPU
		{7E091192-EAC2-4B0F-9D63-B68A1ACE9133}.Release|Any CPU.Build.0 = Release|Any CPU
		{146E2C44-21F5-4F41-A1E6-8B3CEDF3F03F}.Debug|Any CPU.ActiveCfg = Debug|Any CPU
		{146E2C44-21F5-4F41-A1E6-8B3CEDF3F03F}.Debug|Any CPU.Build.0 = Debug|Any CPU
		{146E2C44-21F5-4F41-A1E6-8B3CEDF3F03F}.Release|Any CPU.ActiveCfg = Release|Any CPU
		{146E2C44-21F5-4F41-A1E6-8B3CEDF3F03F}.Release|Any CPU.Build.0 = Release|Any CPU
		{4AF88C69-EE3D-4383-BB65-1E3B2CE6A5A0}.Debug|Any CPU.ActiveCfg = Debug|Any CPU
		{4AF88C69-EE3D-4383-BB65-1E3B2CE6A5A0}.Debug|Any CPU.Build.0 = Debug|Any CPU
		{4AF88C69-EE3D-4383-BB65-1E3B2CE6A5A0}.Release|Any CPU.ActiveCfg = Release|Any CPU
		{4AF88C69-EE3D-4383-BB65-1E3B2CE6A5A0}.Release|Any CPU.Build.0 = Release|Any CPU
		{6E2CEABA-31E6-47DD-A0DA-4A6C49E05D2F}.Debug|Any CPU.ActiveCfg = Debug|Any CPU
		{6E2CEABA-31E6-47DD-A0DA-4A6C49E05D2F}.Debug|Any CPU.Build.0 = Debug|Any CPU
		{6E2CEABA-31E6-47DD-A0DA-4A6C49E05D2F}.Release|Any CPU.ActiveCfg = Release|Any CPU
		{6E2CEABA-31E6-47DD-A0DA-4A6C49E05D2F}.Release|Any CPU.Build.0 = Release|Any CPU
	EndGlobalSection
	GlobalSection(SolutionProperties) = preSolution
		HideSolutionNode = FALSE
	EndGlobalSection
	GlobalSection(ExtensibilityGlobals) = postSolution
		SolutionGuid = {70C0CCB1-F83F-42C2-8229-60BB29FDF08F}
	EndGlobalSection
EndGlobal
